
Microsoft Visual Studio Solution File, Format Version 12.00
# Visual Studio Version 16
VisualStudioVersion = 16.0.31729.503
MinimumVisualStudioVersion = 10.0.40219.1
Project("{FAE04EC0-301F-11D3-BF4B-00C04F79EFBC}") = "GetOffWorkCountdown", "GetOffWorkCountdown.csproj", "{6B6B2E82-4825-4B25-9B2D-1BCA9D1A0B95}"
EndProject
Global
	GlobalSection(SolutionConfigurationPlatforms) = preSolution
		Debug|Any CPU = Debug|Any CPU
		Release|Any CPU = Release|Any CPU
	EndGlobalSection
	GlobalSection(ProjectConfigurationPlatforms) = postSolution
		{6B6B2E82-4825-4B25-9B2D-1BCA9D1A0B95}.Debug|Any CPU.ActiveCfg = Debug|Any CPU
		{6B6B2E82-4825-4B25-9B2D-1BCA9D1A0B95}.Debug|Any CPU.Build.0 = Debug|Any CPU
		{6B6B2E82-4825-4B25-9B2D-1BCA9D1A0B95}.Release|Any CPU.ActiveCfg = Release|Any CPU
		{6B6B2E82-4825-4B25-9B2D-1BCA9D1A0B95}.Release|Any CPU.Build.0 = Release|Any CPU
	EndGlobalSection
	GlobalSection(SolutionProperties) = preSolution
		HideSolutionNode = FALSE
	EndGlobalSection
	GlobalSection(ExtensibilityGlobals) = postSolution
		SolutionGuid = {ADAC7395-00A1-4059-BFC1-71F426771218}
	EndGlobalSection
EndGlobal
